
Microsoft Visual Studio Solution File, Format Version 12.00
# Visual Studio Version 16
VisualStudioVersion = 16.0.31624.102
MinimumVisualStudioVersion = 10.0.40219.1
Project("{FAE04EC0-301F-11D3-BF4B-00C04F79EFBC}") = "ExamenIS", "ExamenIS.csproj", "{503919C6-06BD-4234-9D1E-DB286C5F368C}"
EndProject
Project("{FAE04EC0-301F-11D3-BF4B-00C04F79EFBC}") = "ExamenIS.Tests", "..\ExamenIS.Tests\ExamenIS.Tests.csproj", "{8C27E0F2-EA32-4204-AB22-8F21F69E7280}"
EndProject
Global
	GlobalSection(SolutionConfigurationPlatforms) = preSolution
		Debug|Any CPU = Debug|Any CPU
		Release|Any CPU = Release|Any CPU
	EndGlobalSection
	GlobalSection(ProjectConfigurationPlatforms) = postSolution
		{503919C6-06BD-4234-9D1E-DB286C5F368C}.Debug|Any CPU.ActiveCfg = Debug|Any CPU
		{503919C6-06BD-4234-9D1E-DB286C5F368C}.Debug|Any CPU.Build.0 = Debug|Any CPU
		{503919C6-06BD-4234-9D1E-DB286C5F368C}.Release|Any CPU.ActiveCfg = Release|Any CPU
		{503919C6-06BD-4234-9D1E-DB286C5F368C}.Release|Any CPU.Build.0 = Release|Any CPU
		{8C27E0F2-EA32-4204-AB22-8F21F69E7280}.Debug|Any CPU.ActiveCfg = Debug|Any CPU
		{8C27E0F2-EA32-4204-AB22-8F21F69E7280}.Debug|Any CPU.Build.0 = Debug|Any CPU
		{8C27E0F2-EA32-4204-AB22-8F21F69E7280}.Release|Any CPU.ActiveCfg = Release|Any CPU
		{8C27E0F2-EA32-4204-AB22-8F21F69E7280}.Release|Any CPU.Build.0 = Release|Any CPU
	EndGlobalSection
	GlobalSection(SolutionProperties) = preSolution
		HideSolutionNode = FALSE
	EndGlobalSection
	GlobalSection(ExtensibilityGlobals) = postSolution
		SolutionGuid = {AA3E4C79-B805-4948-945C-AB9D67093F9E}
	EndGlobalSection
EndGlobal
